// !$*UTF8*$!
{
	archiveVersion = 1;
	classes = {
	};
	objectVersion = 50;
	objects = {

/* Begin PBXBuildFile section */
		3A04FF00231D6C8100CB3744 /* HykrDetailButton.swift in Sources */ = {isa = PBXBuildFile; fileRef = 3A04FEFF231D6C8100CB3744 /* HykrDetailButton.swift */; };
		3A04FF02231D716E00CB3744 /* HykrSubHeaderLabel.swift in Sources */ = {isa = PBXBuildFile; fileRef = 3A04FF01231D716E00CB3744 /* HykrSubHeaderLabel.swift */; };
		3A04FF04231D719700CB3744 /* HykrSubHeaderWhiteLabel.swift in Sources */ = {isa = PBXBuildFile; fileRef = 3A04FF03231D719700CB3744 /* HykrSubHeaderWhiteLabel.swift */; };
		3A04FF06231D71AA00CB3744 /* HykrBodyLabel.swift in Sources */ = {isa = PBXBuildFile; fileRef = 3A04FF05231D71AA00CB3744 /* HykrBodyLabel.swift */; };
		3A04FF12231D919600CB3744 /* HykrSubHeaderBoldLabel.swift in Sources */ = {isa = PBXBuildFile; fileRef = 3A04FF11231D919600CB3744 /* HykrSubHeaderBoldLabel.swift */; };
		3A04FF14231DBDF000CB3744 /* HykrDetailButtonView.swift in Sources */ = {isa = PBXBuildFile; fileRef = 3A04FF13231DBDF000CB3744 /* HykrDetailButtonView.swift */; };
		3A04FF1C231DD63300CB3744 /* Lato-Bold.ttf in Resources */ = {isa = PBXBuildFile; fileRef = 3A04FF1B231DD63300CB3744 /* Lato-Bold.ttf */; };
		3A04FF1E231DD64B00CB3744 /* Lato-Regular.ttf in Resources */ = {isa = PBXBuildFile; fileRef = 3A04FF1D231DD64B00CB3744 /* Lato-Regular.ttf */; };
		3A04FF21231DD68F00CB3744 /* Roboto-Bold.ttf in Resources */ = {isa = PBXBuildFile; fileRef = 3A04FF1F231DD68F00CB3744 /* Roboto-Bold.ttf */; };
		3A04FF22231DD68F00CB3744 /* Roboto-Regular.ttf in Resources */ = {isa = PBXBuildFile; fileRef = 3A04FF20231DD68F00CB3744 /* Roboto-Regular.ttf */; };
		3A14B671230AFDE200DE2DCE /* User.swift in Sources */ = {isa = PBXBuildFile; fileRef = 3A14B670230AFDE200DE2DCE /* User.swift */; };
		3A14B673230B04B300DE2DCE /* Hike.swift in Sources */ = {isa = PBXBuildFile; fileRef = 3A14B672230B04B300DE2DCE /* Hike.swift */; };
		3A14B677230B47FF00DE2DCE /* Weather.swift in Sources */ = {isa = PBXBuildFile; fileRef = 3A14B676230B47FF00DE2DCE /* Weather.swift */; };
		3A14B679230C4C0C00DE2DCE /* UserController.swift in Sources */ = {isa = PBXBuildFile; fileRef = 3A14B678230C4C0C00DE2DCE /* UserController.swift */; };
		3A14B67B230C5DD800DE2DCE /* HikeController.swift in Sources */ = {isa = PBXBuildFile; fileRef = 3A14B67A230C5DD800DE2DCE /* HikeController.swift */; };
		3A14B683230C87B100DE2DCE /* HikeAPI.swift in Sources */ = {isa = PBXBuildFile; fileRef = 3A14B682230C87B100DE2DCE /* HikeAPI.swift */; };
		3A14B685230C88F400DE2DCE /* NetworkController.swift in Sources */ = {isa = PBXBuildFile; fileRef = 3A14B684230C88F300DE2DCE /* NetworkController.swift */; };
		3AD8C3FE23184E89008642A3 /* UserPhoto.swift in Sources */ = {isa = PBXBuildFile; fileRef = 3AD8C3FD23184E89008642A3 /* UserPhoto.swift */; };
		3AD8C40023186F7D008642A3 /* UserPhotoController.swift in Sources */ = {isa = PBXBuildFile; fileRef = 3AD8C3FF23186F7D008642A3 /* UserPhotoController.swift */; };
		3AF87AA923198C9B006614FC /* HykrSliderButton.swift in Sources */ = {isa = PBXBuildFile; fileRef = 3AF87AA823198C9B006614FC /* HykrSliderButton.swift */; };
		3AF87AAB23198CBA006614FC /* HykrHeaderLabel.swift in Sources */ = {isa = PBXBuildFile; fileRef = 3AF87AAA23198CBA006614FC /* HykrHeaderLabel.swift */; };
		3AF87AAD23198D0F006614FC /* HykrTextField.swift in Sources */ = {isa = PBXBuildFile; fileRef = 3AF87AAC23198D0F006614FC /* HykrTextField.swift */; };
		3AF87AAF23198D45006614FC /* StyleGuide.swift in Sources */ = {isa = PBXBuildFile; fileRef = 3AF87AAE23198D45006614FC /* StyleGuide.swift */; };
		3AF9E4FB231ED99F00F7CE93 /* HykrOtherButton.swift in Sources */ = {isa = PBXBuildFile; fileRef = 3AF9E4FA231ED99F00F7CE93 /* HykrOtherButton.swift */; };
		3AF9E4FD231EE64600F7CE93 /* HykrSignUpButton.swift in Sources */ = {isa = PBXBuildFile; fileRef = 3AF9E4FC231EE64600F7CE93 /* HykrSignUpButton.swift */; };
		A42C6380230D9D7E0023D7CE /* CloudKit.framework in Frameworks */ = {isa = PBXBuildFile; fileRef = A42C637F230D9D7E0023D7CE /* CloudKit.framework */; };
		A42C6382230DEB880023D7CE /* CoreLocationController.swift in Sources */ = {isa = PBXBuildFile; fileRef = A42C6381230DEB880023D7CE /* CoreLocationController.swift */; };
		A42C6384230E397A0023D7CE /* UIViewExtension.swift in Sources */ = {isa = PBXBuildFile; fileRef = A42C6383230E397A0023D7CE /* UIViewExtension.swift */; };
		A42C6388230EF5350023D7CE /* SlidingDetailsViewController.swift in Sources */ = {isa = PBXBuildFile; fileRef = A42C6387230EF5350023D7CE /* SlidingDetailsViewController.swift */; };
		A42C638A230F1CF50023D7CE /* MKAnnotationExtension.swift in Sources */ = {isa = PBXBuildFile; fileRef = A42C6389230F1CF50023D7CE /* MKAnnotationExtension.swift */; };
		A42C638C230F26C50023D7CE /* UIImageExtension.swift in Sources */ = {isa = PBXBuildFile; fileRef = A42C638B230F26C50023D7CE /* UIImageExtension.swift */; };
		A4508A47230AEF80002ED843 /* AppDelegate.swift in Sources */ = {isa = PBXBuildFile; fileRef = A4508A46230AEF80002ED843 /* AppDelegate.swift */; };
		A4508A4C230AEF80002ED843 /* SignUp.storyboard in Resources */ = {isa = PBXBuildFile; fileRef = A4508A4A230AEF80002ED843 /* SignUp.storyboard */; };
		A4508A4F230AEF80002ED843 /* Trekker.xcdatamodeld in Sources */ = {isa = PBXBuildFile; fileRef = A4508A4D230AEF80002ED843 /* Trekker.xcdatamodeld */; };
		A4508A51230AEF80002ED843 /* Assets.xcassets in Resources */ = {isa = PBXBuildFile; fileRef = A4508A50230AEF80002ED843 /* Assets.xcassets */; };
		A4508A54230AEF81002ED843 /* LaunchScreen.storyboard in Resources */ = {isa = PBXBuildFile; fileRef = A4508A52230AEF81002ED843 /* LaunchScreen.storyboard */; };
		A4508A63230B011C002ED843 /* LandingViewController.swift in Sources */ = {isa = PBXBuildFile; fileRef = A4508A62230B011C002ED843 /* LandingViewController.swift */; };
		A4508A65230B026F002ED843 /* SignUpViewController.swift in Sources */ = {isa = PBXBuildFile; fileRef = A4508A64230B026F002ED843 /* SignUpViewController.swift */; };
		A4508A67230B057A002ED843 /* SignUpInfoViewController.swift in Sources */ = {isa = PBXBuildFile; fileRef = A4508A66230B057A002ED843 /* SignUpInfoViewController.swift */; };
		A4508A69230B0791002ED843 /* Home.storyboard in Resources */ = {isa = PBXBuildFile; fileRef = A4508A68230B0791002ED843 /* Home.storyboard */; };
		A4508A6C230B082D002ED843 /* HomePageViewController.swift in Sources */ = {isa = PBXBuildFile; fileRef = A4508A6B230B082D002ED843 /* HomePageViewController.swift */; };
		A4508A6E230B1879002ED843 /* HikeDetailsViewController.swift in Sources */ = {isa = PBXBuildFile; fileRef = A4508A6D230B1879002ED843 /* HikeDetailsViewController.swift */; };
		A4508A72230B3CD3002ED843 /* SavedHikesViewController.swift in Sources */ = {isa = PBXBuildFile; fileRef = A4508A71230B3CD3002ED843 /* SavedHikesViewController.swift */; };
		A4508A74230B3D12002ED843 /* SavedHikesTableViewCell.swift in Sources */ = {isa = PBXBuildFile; fileRef = A4508A73230B3D12002ED843 /* SavedHikesTableViewCell.swift */; };
		A4508A77230B3ED0002ED843 /* HikeAnnotationView.xib in Resources */ = {isa = PBXBuildFile; fileRef = A4508A76230B3ED0002ED843 /* HikeAnnotationView.xib */; };
		A4508A7E230B43EA002ED843 /* HikeLogViewController.swift in Sources */ = {isa = PBXBuildFile; fileRef = A4508A7D230B43EA002ED843 /* HikeLogViewController.swift */; };
		A4508A80230B4505002ED843 /* HikeLogTableViewCell.swift in Sources */ = {isa = PBXBuildFile; fileRef = A4508A7F230B4505002ED843 /* HikeLogTableViewCell.swift */; };
		A4508A84230C4DFA002ED843 /* HikeDetails.storyboard in Resources */ = {isa = PBXBuildFile; fileRef = A4508A83230C4DFA002ED843 /* HikeDetails.storyboard */; };
		A4508A86230C4FA5002ED843 /* HikeMap.storyboard in Resources */ = {isa = PBXBuildFile; fileRef = A4508A85230C4FA5002ED843 /* HikeMap.storyboard */; };
		A4508A88230C4FFF002ED843 /* Saved.storyboard in Resources */ = {isa = PBXBuildFile; fileRef = A4508A87230C4FFF002ED843 /* Saved.storyboard */; };
		A4508A8A230C5027002ED843 /* HikeLog.storyboard in Resources */ = {isa = PBXBuildFile; fileRef = A4508A89230C5027002ED843 /* HikeLog.storyboard */; };
		A4508A8C230C5069002ED843 /* Account.storyboard in Resources */ = {isa = PBXBuildFile; fileRef = A4508A8B230C5069002ED843 /* Account.storyboard */; };
		A4508A97230C54CA002ED843 /* AccountViewController.swift in Sources */ = {isa = PBXBuildFile; fileRef = A4508A96230C54CA002ED843 /* AccountViewController.swift */; };
		A459553A231DBA1B004330B0 /* SlidingSavedHikesTableViewCell.swift in Sources */ = {isa = PBXBuildFile; fileRef = A4595539231DBA1B004330B0 /* SlidingSavedHikesTableViewCell.swift */; };
		A459553C231DBA53004330B0 /* SlidingSavedHikesViewController.swift in Sources */ = {isa = PBXBuildFile; fileRef = A459553B231DBA53004330B0 /* SlidingSavedHikesViewController.swift */; };
		A47F08DF231873E000E92992 /* CustomTabBarController.swift in Sources */ = {isa = PBXBuildFile; fileRef = A47F08DE231873E000E92992 /* CustomTabBarController.swift */; };
		A4E7E824230C82BF00805E31 /* PhotosTableViewController.swift in Sources */ = {isa = PBXBuildFile; fileRef = A4E7E823230C82BF00805E31 /* PhotosTableViewController.swift */; };
		A4E7E826230C837600805E31 /* PhotoTableViewCell.swift in Sources */ = {isa = PBXBuildFile; fileRef = A4E7E825230C837600805E31 /* PhotoTableViewCell.swift */; };
		A4E7E829230C8E6300805E31 /* CloudKitController.swift in Sources */ = {isa = PBXBuildFile; fileRef = A4E7E828230C8E6300805E31 /* CloudKitController.swift */; };
		A4E7E82B230C966600805E31 /* EditAccountViewController.swift in Sources */ = {isa = PBXBuildFile; fileRef = A4E7E82A230C966600805E31 /* EditAccountViewController.swift */; };
		A4EF0573230F907400729B0E /* CustomNavigationController.swift in Sources */ = {isa = PBXBuildFile; fileRef = A4EF0572230F907400729B0E /* CustomNavigationController.swift */; };
/* End PBXBuildFile section */

/* Begin PBXFileReference section */
		3A04FEFF231D6C8100CB3744 /* HykrDetailButton.swift */ = {isa = PBXFileReference; lastKnownFileType = sourcecode.swift; path = HykrDetailButton.swift; sourceTree = "<group>"; };
		3A04FF01231D716E00CB3744 /* HykrSubHeaderLabel.swift */ = {isa = PBXFileReference; lastKnownFileType = sourcecode.swift; path = HykrSubHeaderLabel.swift; sourceTree = "<group>"; };
		3A04FF03231D719700CB3744 /* HykrSubHeaderWhiteLabel.swift */ = {isa = PBXFileReference; lastKnownFileType = sourcecode.swift; path = HykrSubHeaderWhiteLabel.swift; sourceTree = "<group>"; };
		3A04FF05231D71AA00CB3744 /* HykrBodyLabel.swift */ = {isa = PBXFileReference; lastKnownFileType = sourcecode.swift; path = HykrBodyLabel.swift; sourceTree = "<group>"; };
		3A04FF11231D919600CB3744 /* HykrSubHeaderBoldLabel.swift */ = {isa = PBXFileReference; lastKnownFileType = sourcecode.swift; path = HykrSubHeaderBoldLabel.swift; sourceTree = "<group>"; };
		3A04FF13231DBDF000CB3744 /* HykrDetailButtonView.swift */ = {isa = PBXFileReference; lastKnownFileType = sourcecode.swift; path = HykrDetailButtonView.swift; sourceTree = "<group>"; };
		3A04FF1B231DD63300CB3744 /* Lato-Bold.ttf */ = {isa = PBXFileReference; lastKnownFileType = file; path = "Lato-Bold.ttf"; sourceTree = "<group>"; };
		3A04FF1D231DD64B00CB3744 /* Lato-Regular.ttf */ = {isa = PBXFileReference; lastKnownFileType = file; path = "Lato-Regular.ttf"; sourceTree = "<group>"; };
		3A04FF1F231DD68F00CB3744 /* Roboto-Bold.ttf */ = {isa = PBXFileReference; lastKnownFileType = file; path = "Roboto-Bold.ttf"; sourceTree = "<group>"; };
		3A04FF20231DD68F00CB3744 /* Roboto-Regular.ttf */ = {isa = PBXFileReference; lastKnownFileType = file; path = "Roboto-Regular.ttf"; sourceTree = "<group>"; };
		3A14B670230AFDE200DE2DCE /* User.swift */ = {isa = PBXFileReference; lastKnownFileType = sourcecode.swift; path = User.swift; sourceTree = SOURCE_ROOT; };
		3A14B672230B04B300DE2DCE /* Hike.swift */ = {isa = PBXFileReference; lastKnownFileType = sourcecode.swift; path = Hike.swift; sourceTree = SOURCE_ROOT; };
		3A14B676230B47FF00DE2DCE /* Weather.swift */ = {isa = PBXFileReference; lastKnownFileType = sourcecode.swift; path = Weather.swift; sourceTree = SOURCE_ROOT; };
		3A14B678230C4C0C00DE2DCE /* UserController.swift */ = {isa = PBXFileReference; lastKnownFileType = sourcecode.swift; path = UserController.swift; sourceTree = SOURCE_ROOT; };
		3A14B67A230C5DD800DE2DCE /* HikeController.swift */ = {isa = PBXFileReference; lastKnownFileType = sourcecode.swift; path = HikeController.swift; sourceTree = SOURCE_ROOT; };
		3A14B682230C87B100DE2DCE /* HikeAPI.swift */ = {isa = PBXFileReference; lastKnownFileType = sourcecode.swift; path = HikeAPI.swift; sourceTree = "<group>"; };
		3A14B684230C88F300DE2DCE /* NetworkController.swift */ = {isa = PBXFileReference; lastKnownFileType = sourcecode.swift; path = NetworkController.swift; sourceTree = "<group>"; };
		3AD8C3FD23184E89008642A3 /* UserPhoto.swift */ = {isa = PBXFileReference; lastKnownFileType = sourcecode.swift; path = UserPhoto.swift; sourceTree = "<group>"; };
		3AD8C3FF23186F7D008642A3 /* UserPhotoController.swift */ = {isa = PBXFileReference; lastKnownFileType = sourcecode.swift; name = UserPhotoController.swift; path = Trekker/Model/UserPhotoController.swift; sourceTree = SOURCE_ROOT; };
		3AF87AA823198C9B006614FC /* HykrSliderButton.swift */ = {isa = PBXFileReference; lastKnownFileType = sourcecode.swift; path = HykrSliderButton.swift; sourceTree = "<group>"; };
		3AF87AAA23198CBA006614FC /* HykrHeaderLabel.swift */ = {isa = PBXFileReference; lastKnownFileType = sourcecode.swift; path = HykrHeaderLabel.swift; sourceTree = "<group>"; };
		3AF87AAC23198D0F006614FC /* HykrTextField.swift */ = {isa = PBXFileReference; lastKnownFileType = sourcecode.swift; path = HykrTextField.swift; sourceTree = "<group>"; };
		3AF87AAE23198D45006614FC /* StyleGuide.swift */ = {isa = PBXFileReference; lastKnownFileType = sourcecode.swift; path = StyleGuide.swift; sourceTree = "<group>"; };
		3AF9E4FA231ED99F00F7CE93 /* HykrOtherButton.swift */ = {isa = PBXFileReference; lastKnownFileType = sourcecode.swift; path = HykrOtherButton.swift; sourceTree = "<group>"; };
		3AF9E4FC231EE64600F7CE93 /* HykrSignUpButton.swift */ = {isa = PBXFileReference; lastKnownFileType = sourcecode.swift; path = HykrSignUpButton.swift; sourceTree = "<group>"; };
		A42C637D230D9D7B0023D7CE /* Trekker.entitlements */ = {isa = PBXFileReference; lastKnownFileType = text.plist.entitlements; path = Trekker.entitlements; sourceTree = "<group>"; };
		A42C637F230D9D7E0023D7CE /* CloudKit.framework */ = {isa = PBXFileReference; lastKnownFileType = wrapper.framework; name = CloudKit.framework; path = System/Library/Frameworks/CloudKit.framework; sourceTree = SDKROOT; };
		A42C6381230DEB880023D7CE /* CoreLocationController.swift */ = {isa = PBXFileReference; lastKnownFileType = sourcecode.swift; path = CoreLocationController.swift; sourceTree = "<group>"; };
		A42C6383230E397A0023D7CE /* UIViewExtension.swift */ = {isa = PBXFileReference; lastKnownFileType = sourcecode.swift; path = UIViewExtension.swift; sourceTree = "<group>"; };
		A42C6387230EF5350023D7CE /* SlidingDetailsViewController.swift */ = {isa = PBXFileReference; lastKnownFileType = sourcecode.swift; path = SlidingDetailsViewController.swift; sourceTree = "<group>"; };
		A42C6389230F1CF50023D7CE /* MKAnnotationExtension.swift */ = {isa = PBXFileReference; lastKnownFileType = sourcecode.swift; path = MKAnnotationExtension.swift; sourceTree = "<group>"; };
		A42C638B230F26C50023D7CE /* UIImageExtension.swift */ = {isa = PBXFileReference; lastKnownFileType = sourcecode.swift; path = UIImageExtension.swift; sourceTree = "<group>"; };
		A4508A43230AEF80002ED843 /* Trekker.app */ = {isa = PBXFileReference; explicitFileType = wrapper.application; includeInIndex = 0; path = Trekker.app; sourceTree = BUILT_PRODUCTS_DIR; };
		A4508A46230AEF80002ED843 /* AppDelegate.swift */ = {isa = PBXFileReference; lastKnownFileType = sourcecode.swift; path = AppDelegate.swift; sourceTree = "<group>"; };
		A4508A4B230AEF80002ED843 /* Base */ = {isa = PBXFileReference; lastKnownFileType = file.storyboard; name = Base; path = Base.lproj/SignUp.storyboard; sourceTree = "<group>"; };
		A4508A4E230AEF80002ED843 /* Trekker.xcdatamodel */ = {isa = PBXFileReference; lastKnownFileType = wrapper.xcdatamodel; path = Trekker.xcdatamodel; sourceTree = "<group>"; };
		A4508A50230AEF80002ED843 /* Assets.xcassets */ = {isa = PBXFileReference; lastKnownFileType = folder.assetcatalog; path = Assets.xcassets; sourceTree = "<group>"; };
		A4508A53230AEF81002ED843 /* Base */ = {isa = PBXFileReference; lastKnownFileType = file.storyboard; name = Base; path = Base.lproj/LaunchScreen.storyboard; sourceTree = "<group>"; };
		A4508A55230AEF81002ED843 /* Info.plist */ = {isa = PBXFileReference; lastKnownFileType = text.plist.xml; path = Info.plist; sourceTree = "<group>"; };
		A4508A62230B011C002ED843 /* LandingViewController.swift */ = {isa = PBXFileReference; lastKnownFileType = sourcecode.swift; path = LandingViewController.swift; sourceTree = "<group>"; };
		A4508A64230B026F002ED843 /* SignUpViewController.swift */ = {isa = PBXFileReference; lastKnownFileType = sourcecode.swift; path = SignUpViewController.swift; sourceTree = "<group>"; };
		A4508A66230B057A002ED843 /* SignUpInfoViewController.swift */ = {isa = PBXFileReference; lastKnownFileType = sourcecode.swift; path = SignUpInfoViewController.swift; sourceTree = "<group>"; };
		A4508A68230B0791002ED843 /* Home.storyboard */ = {isa = PBXFileReference; lastKnownFileType = file.storyboard; path = Home.storyboard; sourceTree = "<group>"; };
		A4508A6B230B082D002ED843 /* HomePageViewController.swift */ = {isa = PBXFileReference; lastKnownFileType = sourcecode.swift; path = HomePageViewController.swift; sourceTree = "<group>"; };
		A4508A6D230B1879002ED843 /* HikeDetailsViewController.swift */ = {isa = PBXFileReference; lastKnownFileType = sourcecode.swift; path = HikeDetailsViewController.swift; sourceTree = "<group>"; };
		A4508A71230B3CD3002ED843 /* SavedHikesViewController.swift */ = {isa = PBXFileReference; lastKnownFileType = sourcecode.swift; path = SavedHikesViewController.swift; sourceTree = "<group>"; };
		A4508A73230B3D12002ED843 /* SavedHikesTableViewCell.swift */ = {isa = PBXFileReference; lastKnownFileType = sourcecode.swift; path = SavedHikesTableViewCell.swift; sourceTree = "<group>"; };
		A4508A76230B3ED0002ED843 /* HikeAnnotationView.xib */ = {isa = PBXFileReference; lastKnownFileType = file.xib; path = HikeAnnotationView.xib; sourceTree = "<group>"; };
		A4508A7D230B43EA002ED843 /* HikeLogViewController.swift */ = {isa = PBXFileReference; lastKnownFileType = sourcecode.swift; path = HikeLogViewController.swift; sourceTree = "<group>"; };
		A4508A7F230B4505002ED843 /* HikeLogTableViewCell.swift */ = {isa = PBXFileReference; lastKnownFileType = sourcecode.swift; path = HikeLogTableViewCell.swift; sourceTree = "<group>"; };
		A4508A83230C4DFA002ED843 /* HikeDetails.storyboard */ = {isa = PBXFileReference; fileEncoding = 4; lastKnownFileType = file.storyboard; path = HikeDetails.storyboard; sourceTree = "<group>"; };
		A4508A85230C4FA5002ED843 /* HikeMap.storyboard */ = {isa = PBXFileReference; fileEncoding = 4; lastKnownFileType = file.storyboard; path = HikeMap.storyboard; sourceTree = "<group>"; };
		A4508A87230C4FFF002ED843 /* Saved.storyboard */ = {isa = PBXFileReference; fileEncoding = 4; lastKnownFileType = file.storyboard; path = Saved.storyboard; sourceTree = "<group>"; };
		A4508A89230C5027002ED843 /* HikeLog.storyboard */ = {isa = PBXFileReference; fileEncoding = 4; lastKnownFileType = file.storyboard; path = HikeLog.storyboard; sourceTree = "<group>"; };
		A4508A8B230C5069002ED843 /* Account.storyboard */ = {isa = PBXFileReference; fileEncoding = 4; lastKnownFileType = file.storyboard; path = Account.storyboard; sourceTree = "<group>"; };
		A4508A96230C54CA002ED843 /* AccountViewController.swift */ = {isa = PBXFileReference; lastKnownFileType = sourcecode.swift; path = AccountViewController.swift; sourceTree = "<group>"; };
		A4595539231DBA1B004330B0 /* SlidingSavedHikesTableViewCell.swift */ = {isa = PBXFileReference; lastKnownFileType = sourcecode.swift; path = SlidingSavedHikesTableViewCell.swift; sourceTree = "<group>"; };
		A459553B231DBA53004330B0 /* SlidingSavedHikesViewController.swift */ = {isa = PBXFileReference; lastKnownFileType = sourcecode.swift; path = SlidingSavedHikesViewController.swift; sourceTree = "<group>"; };
		A47F08DE231873E000E92992 /* CustomTabBarController.swift */ = {isa = PBXFileReference; lastKnownFileType = sourcecode.swift; path = CustomTabBarController.swift; sourceTree = "<group>"; };
		A4E7E823230C82BF00805E31 /* PhotosTableViewController.swift */ = {isa = PBXFileReference; lastKnownFileType = sourcecode.swift; path = PhotosTableViewController.swift; sourceTree = "<group>"; };
		A4E7E825230C837600805E31 /* PhotoTableViewCell.swift */ = {isa = PBXFileReference; lastKnownFileType = sourcecode.swift; path = PhotoTableViewCell.swift; sourceTree = "<group>"; };
		A4E7E828230C8E6300805E31 /* CloudKitController.swift */ = {isa = PBXFileReference; lastKnownFileType = sourcecode.swift; path = CloudKitController.swift; sourceTree = "<group>"; };
		A4E7E82A230C966600805E31 /* EditAccountViewController.swift */ = {isa = PBXFileReference; lastKnownFileType = sourcecode.swift; path = EditAccountViewController.swift; sourceTree = "<group>"; };
		A4EF0572230F907400729B0E /* CustomNavigationController.swift */ = {isa = PBXFileReference; lastKnownFileType = sourcecode.swift; path = CustomNavigationController.swift; sourceTree = "<group>"; };
/* End PBXFileReference section */

/* Begin PBXFrameworksBuildPhase section */
		A4508A40230AEF80002ED843 /* Frameworks */ = {
			isa = PBXFrameworksBuildPhase;
			buildActionMask = 2147483647;
			files = (
				A42C6380230D9D7E0023D7CE /* CloudKit.framework in Frameworks */,
			);
			runOnlyForDeploymentPostprocessing = 0;
		};
/* End PBXFrameworksBuildPhase section */

/* Begin PBXGroup section */
		3A04FF08231D81BA00CB3744 /* Fonts */ = {
			isa = PBXGroup;
			children = (
				3A04FF1F231DD68F00CB3744 /* Roboto-Bold.ttf */,
				3A04FF20231DD68F00CB3744 /* Roboto-Regular.ttf */,
				3A04FF1D231DD64B00CB3744 /* Lato-Regular.ttf */,
				3A04FF1B231DD63300CB3744 /* Lato-Bold.ttf */,
			);
			path = Fonts;
			sourceTree = "<group>";
		};
		3A14B686230C88FA00DE2DCE /* HelpersAndExtensions */ = {
			isa = PBXGroup;
			children = (
				3A14B684230C88F300DE2DCE /* NetworkController.swift */,
				A4E7E828230C8E6300805E31 /* CloudKitController.swift */,
				A42C6381230DEB880023D7CE /* CoreLocationController.swift */,
				A42C6383230E397A0023D7CE /* UIViewExtension.swift */,
				A42C6389230F1CF50023D7CE /* MKAnnotationExtension.swift */,
				A42C638B230F26C50023D7CE /* UIImageExtension.swift */,
			);
			path = HelpersAndExtensions;
			sourceTree = "<group>";
		};
		3AF87AA723198C4B006614FC /* CustomUI */ = {
			isa = PBXGroup;
			children = (
				3AF87AA823198C9B006614FC /* HykrSliderButton.swift */,
				3A04FEFF231D6C8100CB3744 /* HykrDetailButton.swift */,
				3AF87AAA23198CBA006614FC /* HykrHeaderLabel.swift */,
				3AF87AAC23198D0F006614FC /* HykrTextField.swift */,
				3AF87AAE23198D45006614FC /* StyleGuide.swift */,
				3A04FF01231D716E00CB3744 /* HykrSubHeaderLabel.swift */,
				3A04FF11231D919600CB3744 /* HykrSubHeaderBoldLabel.swift */,
				3A04FF03231D719700CB3744 /* HykrSubHeaderWhiteLabel.swift */,
				3A04FF05231D71AA00CB3744 /* HykrBodyLabel.swift */,
				3A04FF13231DBDF000CB3744 /* HykrDetailButtonView.swift */,
				3AF9E4FA231ED99F00F7CE93 /* HykrOtherButton.swift */,
				3AF9E4FC231EE64600F7CE93 /* HykrSignUpButton.swift */,
			);
			path = CustomUI;
			sourceTree = "<group>";
		};
		A42C637E230D9D7E0023D7CE /* Frameworks */ = {
			isa = PBXGroup;
			children = (
				A42C637F230D9D7E0023D7CE /* CloudKit.framework */,
			);
			name = Frameworks;
			sourceTree = "<group>";
		};
		A4508A3A230AEF80002ED843 = {
			isa = PBXGroup;
			children = (
				A4508A45230AEF80002ED843 /* Trekker */,
				A4508A44230AEF80002ED843 /* Products */,
				A42C637E230D9D7E0023D7CE /* Frameworks */,
			);
			sourceTree = "<group>";
		};
		A4508A44230AEF80002ED843 /* Products */ = {
			isa = PBXGroup;
			children = (
				A4508A43230AEF80002ED843 /* Trekker.app */,
			);
			name = Products;
			sourceTree = "<group>";
		};
		A4508A45230AEF80002ED843 /* Trekker */ = {
			isa = PBXGroup;
			children = (
				A42C637D230D9D7B0023D7CE /* Trekker.entitlements */,
				A4508A5E230AF036002ED843 /* Model */,
				A4508A5D230AF030002ED843 /* View */,
				A4508A5C230AF02E002ED843 /* Controller */,
				A4508A61230AF07D002ED843 /* CoreData */,
				A4508A5B230AF02B002ED843 /* Resources */,
			);
			path = Trekker;
			sourceTree = "<group>";
		};
		A4508A5B230AF02B002ED843 /* Resources */ = {
			isa = PBXGroup;
			children = (
				3A04FF08231D81BA00CB3744 /* Fonts */,
				A4508A46230AEF80002ED843 /* AppDelegate.swift */,
				A4508A50230AEF80002ED843 /* Assets.xcassets */,
				A4508A52230AEF81002ED843 /* LaunchScreen.storyboard */,
				A4508A55230AEF81002ED843 /* Info.plist */,
			);
			path = Resources;
			sourceTree = "<group>";
		};
		A4508A5C230AF02E002ED843 /* Controller */ = {
			isa = PBXGroup;
			children = (
				A4508A60230AF06B002ED843 /* View Controller */,
				A4508A5F230AF063002ED843 /* Model Controller */,
				3A14B686230C88FA00DE2DCE /* HelpersAndExtensions */,
			);
			path = Controller;
			sourceTree = "<group>";
		};
		A4508A5D230AF030002ED843 /* View */ = {
			isa = PBXGroup;
			children = (
				3AF87AA723198C4B006614FC /* CustomUI */,
				A4508A75230B3D37002ED843 /* Stroyboards */,
			);
			path = View;
			sourceTree = "<group>";
		};
		A4508A5E230AF036002ED843 /* Model */ = {
			isa = PBXGroup;
			children = (
				3A14B670230AFDE200DE2DCE /* User.swift */,
				3A14B672230B04B300DE2DCE /* Hike.swift */,
				3A14B676230B47FF00DE2DCE /* Weather.swift */,
				3A14B682230C87B100DE2DCE /* HikeAPI.swift */,
				3AD8C3FD23184E89008642A3 /* UserPhoto.swift */,
			);
			path = Model;
			sourceTree = "<group>";
		};
		A4508A5F230AF063002ED843 /* Model Controller */ = {
			isa = PBXGroup;
			children = (
				3A14B678230C4C0C00DE2DCE /* UserController.swift */,
				3A14B67A230C5DD800DE2DCE /* HikeController.swift */,
				3AD8C3FF23186F7D008642A3 /* UserPhotoController.swift */,
			);
			path = "Model Controller";
			sourceTree = "<group>";
		};
		A4508A60230AF06B002ED843 /* View Controller */ = {
			isa = PBXGroup;
			children = (
				A4508A6A230B07B9002ED843 /* SignUp */,
				A4508A70230B3CA4002ED843 /* HomeTab */,
				A4508A78230B40C6002ED843 /* SavedTab */,
				A4508A7C230B43C5002ED843 /* HikeLogTab */,
				A4508A95230C5490002ED843 /* AccountTab */,
				A4508A94230C5433002ED843 /* HikeDetails */,
			);
			path = "View Controller";
			sourceTree = "<group>";
		};
		A4508A61230AF07D002ED843 /* CoreData */ = {
			isa = PBXGroup;
			children = (
				A4508A4D230AEF80002ED843 /* Trekker.xcdatamodeld */,
			);
			path = CoreData;
			sourceTree = "<group>";
		};
		A4508A6A230B07B9002ED843 /* SignUp */ = {
			isa = PBXGroup;
			children = (
				A4508A62230B011C002ED843 /* LandingViewController.swift */,
				A4508A64230B026F002ED843 /* SignUpViewController.swift */,
				A4508A66230B057A002ED843 /* SignUpInfoViewController.swift */,
			);
			path = SignUp;
			sourceTree = "<group>";
		};
		A4508A70230B3CA4002ED843 /* HomeTab */ = {
			isa = PBXGroup;
			children = (
				A4508A6B230B082D002ED843 /* HomePageViewController.swift */,
				A42C6387230EF5350023D7CE /* SlidingDetailsViewController.swift */,
				A4EF0572230F907400729B0E /* CustomNavigationController.swift */,
				A47F08DE231873E000E92992 /* CustomTabBarController.swift */,
				A459553B231DBA53004330B0 /* SlidingSavedHikesViewController.swift */,
			);
			path = HomeTab;
			sourceTree = "<group>";
		};
		A4508A75230B3D37002ED843 /* Stroyboards */ = {
			isa = PBXGroup;
			children = (
				A4508A8D230C5229002ED843 /* SignUp */,
				A4508A8E230C523C002ED843 /* HomeTab */,
				A4508A91230C53C5002ED843 /* SavedTab */,
				A4508A90230C53B5002ED843 /* HikeLogTab */,
				A4508A8F230C53AA002ED843 /* AccountTab */,
				A4508A92230C53FF002ED843 /* HikeDetails */,
				A4508A93230C541F002ED843 /* HikeAnnotation */,
			);
			path = Stroyboards;
			sourceTree = "<group>";
		};
		A4508A78230B40C6002ED843 /* SavedTab */ = {
			isa = PBXGroup;
			children = (
				A4508A71230B3CD3002ED843 /* SavedHikesViewController.swift */,
			);
			path = SavedTab;
			sourceTree = "<group>";
		};
		A4508A7C230B43C5002ED843 /* HikeLogTab */ = {
			isa = PBXGroup;
			children = (
				A4508A7D230B43EA002ED843 /* HikeLogViewController.swift */,
			);
			path = HikeLogTab;
			sourceTree = "<group>";
		};
		A4508A8D230C5229002ED843 /* SignUp */ = {
			isa = PBXGroup;
			children = (
				A4508A4A230AEF80002ED843 /* SignUp.storyboard */,
			);
			path = SignUp;
			sourceTree = "<group>";
		};
		A4508A8E230C523C002ED843 /* HomeTab */ = {
			isa = PBXGroup;
			children = (
				A4508A68230B0791002ED843 /* Home.storyboard */,
				A4508A85230C4FA5002ED843 /* HikeMap.storyboard */,
				A4595539231DBA1B004330B0 /* SlidingSavedHikesTableViewCell.swift */,
			);
			path = HomeTab;
			sourceTree = "<group>";
		};
		A4508A8F230C53AA002ED843 /* AccountTab */ = {
			isa = PBXGroup;
			children = (
				A4508A8B230C5069002ED843 /* Account.storyboard */,
			);
			path = AccountTab;
			sourceTree = "<group>";
		};
		A4508A90230C53B5002ED843 /* HikeLogTab */ = {
			isa = PBXGroup;
			children = (
				A4508A89230C5027002ED843 /* HikeLog.storyboard */,
				A4508A7F230B4505002ED843 /* HikeLogTableViewCell.swift */,
			);
			path = HikeLogTab;
			sourceTree = "<group>";
		};
		A4508A91230C53C5002ED843 /* SavedTab */ = {
			isa = PBXGroup;
			children = (
				A4508A87230C4FFF002ED843 /* Saved.storyboard */,
				A4508A73230B3D12002ED843 /* SavedHikesTableViewCell.swift */,
			);
			path = SavedTab;
			sourceTree = "<group>";
		};
		A4508A92230C53FF002ED843 /* HikeDetails */ = {
			isa = PBXGroup;
			children = (
				A4508A83230C4DFA002ED843 /* HikeDetails.storyboard */,
				A4E7E825230C837600805E31 /* PhotoTableViewCell.swift */,
			);
			path = HikeDetails;
			sourceTree = "<group>";
		};
		A4508A93230C541F002ED843 /* HikeAnnotation */ = {
			isa = PBXGroup;
			children = (
				A4508A76230B3ED0002ED843 /* HikeAnnotationView.xib */,
			);
			path = HikeAnnotation;
			sourceTree = "<group>";
		};
		A4508A94230C5433002ED843 /* HikeDetails */ = {
			isa = PBXGroup;
			children = (
				A4508A6D230B1879002ED843 /* HikeDetailsViewController.swift */,
				A4E7E823230C82BF00805E31 /* PhotosTableViewController.swift */,
			);
			path = HikeDetails;
			sourceTree = "<group>";
		};
		A4508A95230C5490002ED843 /* AccountTab */ = {
			isa = PBXGroup;
			children = (
				A4508A96230C54CA002ED843 /* AccountViewController.swift */,
				A4E7E82A230C966600805E31 /* EditAccountViewController.swift */,
			);
			path = AccountTab;
			sourceTree = "<group>";
		};
/* End PBXGroup section */

/* Begin PBXNativeTarget section */
		A4508A42230AEF80002ED843 /* Trekker */ = {
			isa = PBXNativeTarget;
			buildConfigurationList = A4508A58230AEF81002ED843 /* Build configuration list for PBXNativeTarget "Trekker" */;
			buildPhases = (
				A4508A3F230AEF80002ED843 /* Sources */,
				A4508A40230AEF80002ED843 /* Frameworks */,
				A4508A41230AEF80002ED843 /* Resources */,
			);
			buildRules = (
			);
			dependencies = (
			);
			name = Trekker;
			productName = Trekker;
			productReference = A4508A43230AEF80002ED843 /* Trekker.app */;
			productType = "com.apple.product-type.application";
		};
/* End PBXNativeTarget section */

/* Begin PBXProject section */
		A4508A3B230AEF80002ED843 /* Project object */ = {
			isa = PBXProject;
			attributes = {
				LastSwiftUpdateCheck = 1030;
				LastUpgradeCheck = 1030;
				ORGANIZATIONNAME = "Jason Mandozzi";
				TargetAttributes = {
					A4508A42230AEF80002ED843 = {
						CreatedOnToolsVersion = 10.3;
						SystemCapabilities = {
							com.apple.Push = {
								enabled = 1;
							};
							com.apple.iCloud = {
								enabled = 1;
							};
						};
					};
				};
			};
			buildConfigurationList = A4508A3E230AEF80002ED843 /* Build configuration list for PBXProject "Trekker" */;
			compatibilityVersion = "Xcode 9.3";
			developmentRegion = en;
			hasScannedForEncodings = 0;
			knownRegions = (
				en,
				Base,
			);
			mainGroup = A4508A3A230AEF80002ED843;
			productRefGroup = A4508A44230AEF80002ED843 /* Products */;
			projectDirPath = "";
			projectRoot = "";
			targets = (
				A4508A42230AEF80002ED843 /* Trekker */,
			);
		};
/* End PBXProject section */

/* Begin PBXResourcesBuildPhase section */
		A4508A41230AEF80002ED843 /* Resources */ = {
			isa = PBXResourcesBuildPhase;
			buildActionMask = 2147483647;
			files = (
				3A04FF1C231DD63300CB3744 /* Lato-Bold.ttf in Resources */,
				3A04FF21231DD68F00CB3744 /* Roboto-Bold.ttf in Resources */,
				A4508A77230B3ED0002ED843 /* HikeAnnotationView.xib in Resources */,
				A4508A54230AEF81002ED843 /* LaunchScreen.storyboard in Resources */,
				A4508A8C230C5069002ED843 /* Account.storyboard in Resources */,
				A4508A88230C4FFF002ED843 /* Saved.storyboard in Resources */,
				A4508A51230AEF80002ED843 /* Assets.xcassets in Resources */,
				A4508A4C230AEF80002ED843 /* SignUp.storyboard in Resources */,
				3A04FF22231DD68F00CB3744 /* Roboto-Regular.ttf in Resources */,
				3A04FF1E231DD64B00CB3744 /* Lato-Regular.ttf in Resources */,
				A4508A8A230C5027002ED843 /* HikeLog.storyboard in Resources */,
				A4508A84230C4DFA002ED843 /* HikeDetails.storyboard in Resources */,
				A4508A86230C4FA5002ED843 /* HikeMap.storyboard in Resources */,
				A4508A69230B0791002ED843 /* Home.storyboard in Resources */,
			);
			runOnlyForDeploymentPostprocessing = 0;
		};
/* End PBXResourcesBuildPhase section */

/* Begin PBXSourcesBuildPhase section */
		A4508A3F230AEF80002ED843 /* Sources */ = {
			isa = PBXSourcesBuildPhase;
			buildActionMask = 2147483647;
			files = (
				A4E7E826230C837600805E31 /* PhotoTableViewCell.swift in Sources */,
				A4508A4F230AEF80002ED843 /* Trekker.xcdatamodeld in Sources */,
				A4E7E829230C8E6300805E31 /* CloudKitController.swift in Sources */,
				A47F08DF231873E000E92992 /* CustomTabBarController.swift in Sources */,
				A459553C231DBA53004330B0 /* SlidingSavedHikesViewController.swift in Sources */,
				A4E7E82B230C966600805E31 /* EditAccountViewController.swift in Sources */,
				A42C6388230EF5350023D7CE /* SlidingDetailsViewController.swift in Sources */,
				A4508A63230B011C002ED843 /* LandingViewController.swift in Sources */,
				A4508A6C230B082D002ED843 /* HomePageViewController.swift in Sources */,
				3A04FF12231D919600CB3744 /* HykrSubHeaderBoldLabel.swift in Sources */,
				3A04FF14231DBDF000CB3744 /* HykrDetailButtonView.swift in Sources */,
				A4508A67230B057A002ED843 /* SignUpInfoViewController.swift in Sources */,
				A4EF0573230F907400729B0E /* CustomNavigationController.swift in Sources */,
				3A14B685230C88F400DE2DCE /* NetworkController.swift in Sources */,
				3A14B67B230C5DD800DE2DCE /* HikeController.swift in Sources */,
				3AD8C3FE23184E89008642A3 /* UserPhoto.swift in Sources */,
				A4508A74230B3D12002ED843 /* SavedHikesTableViewCell.swift in Sources */,
				3A14B683230C87B100DE2DCE /* HikeAPI.swift in Sources */,
				3AD8C40023186F7D008642A3 /* UserPhotoController.swift in Sources */,
				A4E7E824230C82BF00805E31 /* PhotosTableViewController.swift in Sources */,
				A4508A65230B026F002ED843 /* SignUpViewController.swift in Sources */,
				3A14B677230B47FF00DE2DCE /* Weather.swift in Sources */,
				A4508A47230AEF80002ED843 /* AppDelegate.swift in Sources */,
				A4508A6E230B1879002ED843 /* HikeDetailsViewController.swift in Sources */,
				A4508A80230B4505002ED843 /* HikeLogTableViewCell.swift in Sources */,
				3AF87AA923198C9B006614FC /* HykrSliderButton.swift in Sources */,
				A4508A7E230B43EA002ED843 /* HikeLogViewController.swift in Sources */,
				A4508A97230C54CA002ED843 /* AccountViewController.swift in Sources */,
				A4508A72230B3CD3002ED843 /* SavedHikesViewController.swift in Sources */,
				3AF87AAF23198D45006614FC /* StyleGuide.swift in Sources */,
				A42C6384230E397A0023D7CE /* UIViewExtension.swift in Sources */,
				3A14B679230C4C0C00DE2DCE /* UserController.swift in Sources */,
				A459553A231DBA1B004330B0 /* SlidingSavedHikesTableViewCell.swift in Sources */,
				3AF9E4FD231EE64600F7CE93 /* HykrSignUpButton.swift in Sources */,
				3AF87AAB23198CBA006614FC /* HykrHeaderLabel.swift in Sources */,
				3A04FF00231D6C8100CB3744 /* HykrDetailButton.swift in Sources */,
				3AF87AAD23198D0F006614FC /* HykrTextField.swift in Sources */,
				A42C638C230F26C50023D7CE /* UIImageExtension.swift in Sources */,
				A42C6382230DEB880023D7CE /* CoreLocationController.swift in Sources */,
				3A04FF06231D71AA00CB3744 /* HykrBodyLabel.swift in Sources */,
				A42C638A230F1CF50023D7CE /* MKAnnotationExtension.swift in Sources */,
				3AF9E4FB231ED99F00F7CE93 /* HykrOtherButton.swift in Sources */,
				3A14B673230B04B300DE2DCE /* Hike.swift in Sources */,
				3A04FF02231D716E00CB3744 /* HykrSubHeaderLabel.swift in Sources */,
				3A04FF04231D719700CB3744 /* HykrSubHeaderWhiteLabel.swift in Sources */,
				3A14B671230AFDE200DE2DCE /* User.swift in Sources */,
			);
			runOnlyForDeploymentPostprocessing = 0;
		};
/* End PBXSourcesBuildPhase section */

/* Begin PBXVariantGroup section */
		A4508A4A230AEF80002ED843 /* SignUp.storyboard */ = {
			isa = PBXVariantGroup;
			children = (
				A4508A4B230AEF80002ED843 /* Base */,
			);
			name = SignUp.storyboard;
			sourceTree = "<group>";
		};
		A4508A52230AEF81002ED843 /* LaunchScreen.storyboard */ = {
			isa = PBXVariantGroup;
			children = (
				A4508A53230AEF81002ED843 /* Base */,
			);
			name = LaunchScreen.storyboard;
			sourceTree = "<group>";
		};
/* End PBXVariantGroup section */

/* Begin XCBuildConfiguration section */
		A4508A56230AEF81002ED843 /* Debug */ = {
			isa = XCBuildConfiguration;
			buildSettings = {
				ALWAYS_SEARCH_USER_PATHS = NO;
				CLANG_ANALYZER_NONNULL = YES;
				CLANG_ANALYZER_NUMBER_OBJECT_CONVERSION = YES_AGGRESSIVE;
				CLANG_CXX_LANGUAGE_STANDARD = "gnu++14";
				CLANG_CXX_LIBRARY = "libc++";
				CLANG_ENABLE_MODULES = YES;
				CLANG_ENABLE_OBJC_ARC = YES;
				CLANG_ENABLE_OBJC_WEAK = YES;
				CLANG_WARN_BLOCK_CAPTURE_AUTORELEASING = YES;
				CLANG_WARN_BOOL_CONVERSION = YES;
				CLANG_WARN_COMMA = YES;
				CLANG_WARN_CONSTANT_CONVERSION = YES;
				CLANG_WARN_DEPRECATED_OBJC_IMPLEMENTATIONS = YES;
				CLANG_WARN_DIRECT_OBJC_ISA_USAGE = YES_ERROR;
				CLANG_WARN_DOCUMENTATION_COMMENTS = YES;
				CLANG_WARN_EMPTY_BODY = YES;
				CLANG_WARN_ENUM_CONVERSION = YES;
				CLANG_WARN_INFINITE_RECURSION = YES;
				CLANG_WARN_INT_CONVERSION = YES;
				CLANG_WARN_NON_LITERAL_NULL_CONVERSION = YES;
				CLANG_WARN_OBJC_IMPLICIT_RETAIN_SELF = YES;
				CLANG_WARN_OBJC_LITERAL_CONVERSION = YES;
				CLANG_WARN_OBJC_ROOT_CLASS = YES_ERROR;
				CLANG_WARN_RANGE_LOOP_ANALYSIS = YES;
				CLANG_WARN_STRICT_PROTOTYPES = YES;
				CLANG_WARN_SUSPICIOUS_MOVE = YES;
				CLANG_WARN_UNGUARDED_AVAILABILITY = YES_AGGRESSIVE;
				CLANG_WARN_UNREACHABLE_CODE = YES;
				CLANG_WARN__DUPLICATE_METHOD_MATCH = YES;
				CODE_SIGN_IDENTITY = "iPhone Developer";
				COPY_PHASE_STRIP = NO;
				DEBUG_INFORMATION_FORMAT = dwarf;
				ENABLE_STRICT_OBJC_MSGSEND = YES;
				ENABLE_TESTABILITY = YES;
				GCC_C_LANGUAGE_STANDARD = gnu11;
				GCC_DYNAMIC_NO_PIC = NO;
				GCC_NO_COMMON_BLOCKS = YES;
				GCC_OPTIMIZATION_LEVEL = 0;
				GCC_PREPROCESSOR_DEFINITIONS = (
					"DEBUG=1",
					"$(inherited)",
				);
				GCC_WARN_64_TO_32_BIT_CONVERSION = YES;
				GCC_WARN_ABOUT_RETURN_TYPE = YES_ERROR;
				GCC_WARN_UNDECLARED_SELECTOR = YES;
				GCC_WARN_UNINITIALIZED_AUTOS = YES_AGGRESSIVE;
				GCC_WARN_UNUSED_FUNCTION = YES;
				GCC_WARN_UNUSED_VARIABLE = YES;
				IPHONEOS_DEPLOYMENT_TARGET = 12.4;
				MTL_ENABLE_DEBUG_INFO = INCLUDE_SOURCE;
				MTL_FAST_MATH = YES;
				ONLY_ACTIVE_ARCH = YES;
				SDKROOT = iphoneos;
				SWIFT_ACTIVE_COMPILATION_CONDITIONS = DEBUG;
				SWIFT_OPTIMIZATION_LEVEL = "-Onone";
			};
			name = Debug;
		};
		A4508A57230AEF81002ED843 /* Release */ = {
			isa = XCBuildConfiguration;
			buildSettings = {
				ALWAYS_SEARCH_USER_PATHS = NO;
				CLANG_ANALYZER_NONNULL = YES;
				CLANG_ANALYZER_NUMBER_OBJECT_CONVERSION = YES_AGGRESSIVE;
				CLANG_CXX_LANGUAGE_STANDARD = "gnu++14";
				CLANG_CXX_LIBRARY = "libc++";
				CLANG_ENABLE_MODULES = YES;
				CLANG_ENABLE_OBJC_ARC = YES;
				CLANG_ENABLE_OBJC_WEAK = YES;
				CLANG_WARN_BLOCK_CAPTURE_AUTORELEASING = YES;
				CLANG_WARN_BOOL_CONVERSION = YES;
				CLANG_WARN_COMMA = YES;
				CLANG_WARN_CONSTANT_CONVERSION = YES;
				CLANG_WARN_DEPRECATED_OBJC_IMPLEMENTATIONS = YES;
				CLANG_WARN_DIRECT_OBJC_ISA_USAGE = YES_ERROR;
				CLANG_WARN_DOCUMENTATION_COMMENTS = YES;
				CLANG_WARN_EMPTY_BODY = YES;
				CLANG_WARN_ENUM_CONVERSION = YES;
				CLANG_WARN_INFINITE_RECURSION = YES;
				CLANG_WARN_INT_CONVERSION = YES;
				CLANG_WARN_NON_LITERAL_NULL_CONVERSION = YES;
				CLANG_WARN_OBJC_IMPLICIT_RETAIN_SELF = YES;
				CLANG_WARN_OBJC_LITERAL_CONVERSION = YES;
				CLANG_WARN_OBJC_ROOT_CLASS = YES_ERROR;
				CLANG_WARN_RANGE_LOOP_ANALYSIS = YES;
				CLANG_WARN_STRICT_PROTOTYPES = YES;
				CLANG_WARN_SUSPICIOUS_MOVE = YES;
				CLANG_WARN_UNGUARDED_AVAILABILITY = YES_AGGRESSIVE;
				CLANG_WARN_UNREACHABLE_CODE = YES;
				CLANG_WARN__DUPLICATE_METHOD_MATCH = YES;
				CODE_SIGN_IDENTITY = "iPhone Developer";
				COPY_PHASE_STRIP = NO;
				DEBUG_INFORMATION_FORMAT = "dwarf-with-dsym";
				ENABLE_NS_ASSERTIONS = NO;
				ENABLE_STRICT_OBJC_MSGSEND = YES;
				GCC_C_LANGUAGE_STANDARD = gnu11;
				GCC_NO_COMMON_BLOCKS = YES;
				GCC_WARN_64_TO_32_BIT_CONVERSION = YES;
				GCC_WARN_ABOUT_RETURN_TYPE = YES_ERROR;
				GCC_WARN_UNDECLARED_SELECTOR = YES;
				GCC_WARN_UNINITIALIZED_AUTOS = YES_AGGRESSIVE;
				GCC_WARN_UNUSED_FUNCTION = YES;
				GCC_WARN_UNUSED_VARIABLE = YES;
				IPHONEOS_DEPLOYMENT_TARGET = 12.4;
				MTL_ENABLE_DEBUG_INFO = NO;
				MTL_FAST_MATH = YES;
				SDKROOT = iphoneos;
				SWIFT_COMPILATION_MODE = wholemodule;
				SWIFT_OPTIMIZATION_LEVEL = "-O";
				VALIDATE_PRODUCT = YES;
			};
			name = Release;
		};
		A4508A59230AEF81002ED843 /* Debug */ = {
			isa = XCBuildConfiguration;
			buildSettings = {
				ASSETCATALOG_COMPILER_APPICON_NAME = AppIcon;
				CODE_SIGN_ENTITLEMENTS = Trekker/Trekker.entitlements;
				CODE_SIGN_STYLE = Automatic;
				DEVELOPMENT_TEAM = 3ZLX8VSJT3;
				INFOPLIST_FILE = "$(SRCROOT)/Trekker/Resources/Info.plist";
				IPHONEOS_DEPLOYMENT_TARGET = 12.4;
				LD_RUNPATH_SEARCH_PATHS = (
					"$(inherited)",
					"@executable_path/Frameworks",
				);
				PRODUCT_BUNDLE_IDENTIFIER = com.jasonbmandozzi.Trekker;
				PRODUCT_NAME = "$(TARGET_NAME)";
				SWIFT_VERSION = 5.0;
				TARGETED_DEVICE_FAMILY = "1,2";
			};
			name = Debug;
		};
		A4508A5A230AEF81002ED843 /* Release */ = {
			isa = XCBuildConfiguration;
			buildSettings = {
				ASSETCATALOG_COMPILER_APPICON_NAME = AppIcon;
				CODE_SIGN_ENTITLEMENTS = Trekker/Trekker.entitlements;
				CODE_SIGN_STYLE = Automatic;
				DEVELOPMENT_TEAM = 3ZLX8VSJT3;
				INFOPLIST_FILE = "$(SRCROOT)/Trekker/Resources/Info.plist";
				IPHONEOS_DEPLOYMENT_TARGET = 12.4;
				LD_RUNPATH_SEARCH_PATHS = (
					"$(inherited)",
					"@executable_path/Frameworks",
				);
				PRODUCT_BUNDLE_IDENTIFIER = com.jasonbmandozzi.Trekker;
				PRODUCT_NAME = "$(TARGET_NAME)";
				SWIFT_VERSION = 5.0;
				TARGETED_DEVICE_FAMILY = "1,2";
			};
			name = Release;
		};
/* End XCBuildConfiguration section */

/* Begin XCConfigurationList section */
		A4508A3E230AEF80002ED843 /* Build configuration list for PBXProject "Trekker" */ = {
			isa = XCConfigurationList;
			buildConfigurations = (
				A4508A56230AEF81002ED843 /* Debug */,
				A4508A57230AEF81002ED843 /* Release */,
			);
			defaultConfigurationIsVisible = 0;
			defaultConfigurationName = Release;
		};
		A4508A58230AEF81002ED843 /* Build configuration list for PBXNativeTarget "Trekker" */ = {
			isa = XCConfigurationList;
			buildConfigurations = (
				A4508A59230AEF81002ED843 /* Debug */,
				A4508A5A230AEF81002ED843 /* Release */,
			);
			defaultConfigurationIsVisible = 0;
			defaultConfigurationName = Release;
		};
/* End XCConfigurationList section */

/* Begin XCVersionGroup section */
		A4508A4D230AEF80002ED843 /* Trekker.xcdatamodeld */ = {
			isa = XCVersionGroup;
			children = (
				A4508A4E230AEF80002ED843 /* Trekker.xcdatamodel */,
			);
			currentVersion = A4508A4E230AEF80002ED843 /* Trekker.xcdatamodel */;
			path = Trekker.xcdatamodeld;
			sourceTree = "<group>";
			versionGroupType = wrapper.xcdatamodel;
		};
/* End XCVersionGroup section */
	};
	rootObject = A4508A3B230AEF80002ED843 /* Project object */;
}
